
Microsoft Visual Studio Solution File, Format Version 12.00
# Visual Studio 15
VisualStudioVersion = 15.0.28307.421
MinimumVisualStudioVersion = 10.0.40219.1
Project("{FAE04EC0-301F-11D3-BF4B-00C04F79EFBC}") = "CryptoTraider", "CryptoTraider\CryptoTraider.csproj", "{A95AEE73-537D-459A-864D-A621AE75CAD4}"
EndProject
Global
	GlobalSection(SolutionConfigurationPlatforms) = preSolution
		Debug|Any CPU = Debug|Any CPU
		Release|Any CPU = Release|Any CPU
	EndGlobalSection
	GlobalSection(ProjectConfigurationPlatforms) = postSolution
		{A95AEE73-537D-459A-864D-A621AE75CAD4}.Debug|Any CPU.ActiveCfg = Debug|Any CPU
		{A95AEE73-537D-459A-864D-A621AE75CAD4}.Debug|Any CPU.Build.0 = Debug|Any CPU
		{A95AEE73-537D-459A-864D-A621AE75CAD4}.Release|Any CPU.ActiveCfg = Release|Any CPU
		{A95AEE73-537D-459A-864D-A621AE75CAD4}.Release|Any CPU.Build.0 = Release|Any CPU
	EndGlobalSection
	GlobalSection(SolutionProperties) = preSolution
		HideSolutionNode = FALSE
	EndGlobalSection
	GlobalSection(ExtensibilityGlobals) = postSolution
		SolutionGuid = {8FB3B7F4-9735-4677-ACF2-CD0984E39090}
	EndGlobalSection
EndGlobal
